<?xml version="1.0" encoding="utf-8"?>
<Project ToolsVersion="17.0" xmlns="http://schemas.microsoft.com/developer/msbuild/2003">
  <ItemGroup>
    <ClCompile Include="C:\Users\dawibr-1\Documents\GitHub\S0009E-lab Graphic\lab-graphics\engine\config.cc">
      <Filter>pch</Filter>
    </ClCompile>
  </ItemGroup>
  <ItemGroup>
    <ClInclude Include="C:\Users\dawibr-1\Documents\GitHub\S0009E-lab Graphic\lab-graphics\engine\Mesh\MeshResource.h">
      <Filter>Mesh</Filter>
    </ClInclude>
    <ClInclude Include="C:\Users\dawibr-1\Documents\GitHub\S0009E-lab Graphic\lab-graphics\engine\config.h">
      <Filter>pch</Filter>
    </ClInclude>
  </ItemGroup>
  <ItemGroup>
    <CustomBuild Include="C:\Users\dawibr-1\Documents\GitHub\S0009E-lab Graphic\lab-graphics\engine\Mesh\CMakeLists.txt" />
  </ItemGroup>
  <ItemGroup>
    <Filter Include="Mesh">
      <UniqueIdentifier>{B5F04F19-9FCD-3C1D-B5D4-5F108E85F2FF}</UniqueIdentifier>
    </Filter>
    <Filter Include="pch">
      <UniqueIdentifier>{534178FB-1799-3C48-8074-577F34E12655}</UniqueIdentifier>
    </Filter>
  </ItemGroup>
</Project>
