
Microsoft Visual Studio Solution File, Format Version 12.00
# Visual Studio Version 17
Project("{2150E333-8FDC-42A3-9474-1A3956D46DE8}") = "CMakePredefinedTargets", "CMakePredefinedTargets", "{244905B8-B93C-37F7-91AD-3BCA34E7F23D}"
EndProject
Project("{2150E333-8FDC-42A3-9474-1A3956D46DE8}") = "exts", "exts", "{897D3D87-4880-34B1-A741-B5C19A8F4B60}"
EndProject
Project("{2150E333-8FDC-42A3-9474-1A3956D46DE8}") = "glfw", "exts\glfw", "{9EEB249B-6F69-3E8C-8385-9E860DEC5444}"
EndProject
Project("{8BC9CEB8-8B4A-11D0-8D11-00A0C91BC942}") = "ALL_BUILD", "ALL_BUILD.vcxproj", "{7D17E1FA-B62E-397F-8960-C52643225564}"
	ProjectSection(ProjectDependencies) = postProject
		{C92C6388-B7F8-343E-82D9-DDF9FDCF6B0E} = {C92C6388-B7F8-343E-82D9-DDF9FDCF6B0E}
		{4C809EDF-38FD-3F65-9EAF-DDEBA680463B} = {4C809EDF-38FD-3F65-9EAF-DDEBA680463B}
	EndProjectSection
EndProject
Project("{8BC9CEB8-8B4A-11D0-8D11-00A0C91BC942}") = "ZERO_CHECK", "..\..\\ZERO_CHECK.vcxproj", "{C92C6388-B7F8-343E-82D9-DDF9FDCF6B0E}"
	ProjectSection(ProjectDependencies) = postProject
	EndProjectSection
EndProject
Project("{8BC9CEB8-8B4A-11D0-8D11-00A0C91BC942}") = "glfw", "src\glfw.vcxproj", "{4C809EDF-38FD-3F65-9EAF-DDEBA680463B}"
	ProjectSection(ProjectDependencies) = postProject
		{C92C6388-B7F8-343E-82D9-DDF9FDCF6B0E} = {C92C6388-B7F8-343E-82D9-DDF9FDCF6B0E}
	EndProjectSection
EndProject
Global
	GlobalSection(SolutionConfigurationPlatforms) = preSolution
		Debug|x64 = Debug|x64
		Release|x64 = Release|x64
		MinSizeRel|x64 = MinSizeRel|x64
		RelWithDebInfo|x64 = RelWithDebInfo|x64
	EndGlobalSection
	GlobalSection(ProjectConfigurationPlatforms) = postSolution
		{7D17E1FA-B62E-397F-8960-C52643225564}.Debug|x64.ActiveCfg = Debug|x64
		{7D17E1FA-B62E-397F-8960-C52643225564}.Release|x64.ActiveCfg = Release|x64
		{7D17E1FA-B62E-397F-8960-C52643225564}.MinSizeRel|x64.ActiveCfg = MinSizeRel|x64
		{7D17E1FA-B62E-397F-8960-C52643225564}.RelWithDebInfo|x64.ActiveCfg = RelWithDebInfo|x64
		{C92C6388-B7F8-343E-82D9-DDF9FDCF6B0E}.Debug|x64.ActiveCfg = Debug|x64
		{C92C6388-B7F8-343E-82D9-DDF9FDCF6B0E}.Debug|x64.Build.0 = Debug|x64
		{C92C6388-B7F8-343E-82D9-DDF9FDCF6B0E}.Release|x64.ActiveCfg = Release|x64
		{C92C6388-B7F8-343E-82D9-DDF9FDCF6B0E}.Release|x64.Build.0 = Release|x64
		{C92C6388-B7F8-343E-82D9-DDF9FDCF6B0E}.MinSizeRel|x64.ActiveCfg = MinSizeRel|x64
		{C92C6388-B7F8-343E-82D9-DDF9FDCF6B0E}.MinSizeRel|x64.Build.0 = MinSizeRel|x64
		{C92C6388-B7F8-343E-82D9-DDF9FDCF6B0E}.RelWithDebInfo|x64.ActiveCfg = RelWithDebInfo|x64
		{C92C6388-B7F8-343E-82D9-DDF9FDCF6B0E}.RelWithDebInfo|x64.Build.0 = RelWithDebInfo|x64
		{4C809EDF-38FD-3F65-9EAF-DDEBA680463B}.Debug|x64.ActiveCfg = Debug|x64
		{4C809EDF-38FD-3F65-9EAF-DDEBA680463B}.Debug|x64.Build.0 = Debug|x64
		{4C809EDF-38FD-3F65-9EAF-DDEBA680463B}.Release|x64.ActiveCfg = Release|x64
		{4C809EDF-38FD-3F65-9EAF-DDEBA680463B}.Release|x64.Build.0 = Release|x64
		{4C809EDF-38FD-3F65-9EAF-DDEBA680463B}.MinSizeRel|x64.ActiveCfg = MinSizeRel|x64
		{4C809EDF-38FD-3F65-9EAF-DDEBA680463B}.MinSizeRel|x64.Build.0 = MinSizeRel|x64
		{4C809EDF-38FD-3F65-9EAF-DDEBA680463B}.RelWithDebInfo|x64.ActiveCfg = RelWithDebInfo|x64
		{4C809EDF-38FD-3F65-9EAF-DDEBA680463B}.RelWithDebInfo|x64.Build.0 = RelWithDebInfo|x64
	EndGlobalSection
	GlobalSection(NestedProjects) = preSolution
		{7D17E1FA-B62E-397F-8960-C52643225564} = {244905B8-B93C-37F7-91AD-3BCA34E7F23D}
		{C92C6388-B7F8-343E-82D9-DDF9FDCF6B0E} = {244905B8-B93C-37F7-91AD-3BCA34E7F23D}
		{9EEB249B-6F69-3E8C-8385-9E860DEC5444} = {897D3D87-4880-34B1-A741-B5C19A8F4B60}
		{4C809EDF-38FD-3F65-9EAF-DDEBA680463B} = {9EEB249B-6F69-3E8C-8385-9E860DEC5444}
	EndGlobalSection
	GlobalSection(ExtensibilityGlobals) = postSolution
		SolutionGuid = {418FF2FF-DA34-3CE7-A708-3BC95C42A59C}
	EndGlobalSection
	GlobalSection(ExtensibilityAddIns) = postSolution
	EndGlobalSection
EndGlobal
