<?xml version="1.0" encoding="utf-8"?>
<Project ToolsVersion="17.0" xmlns="http://schemas.microsoft.com/developer/msbuild/2003">
  <ItemGroup>
    <ClCompile Include="C:\Users\dawibr-1\Documents\GitHub\S0009E-lab Graphic\lab-graphics\engine\core\app.cc">
      <Filter>core</Filter>
    </ClCompile>
    <ClCompile Include="C:\Users\dawibr-1\Documents\GitHub\S0009E-lab Graphic\lab-graphics\engine\config.cc">
      <Filter>pch</Filter>
    </ClCompile>
  </ItemGroup>
  <ItemGroup>
    <ClInclude Include="C:\Users\dawibr-1\Documents\GitHub\S0009E-lab Graphic\lab-graphics\engine\core\app.h">
      <Filter>core</Filter>
    </ClInclude>
    <ClInclude Include="C:\Users\dawibr-1\Documents\GitHub\S0009E-lab Graphic\lab-graphics\engine\core\vec3.h">
      <Filter>core</Filter>
    </ClInclude>
    <ClInclude Include="C:\Users\dawibr-1\Documents\GitHub\S0009E-lab Graphic\lab-graphics\engine\core\vec4.h">
      <Filter>core</Filter>
    </ClInclude>
    <ClInclude Include="C:\Users\dawibr-1\Documents\GitHub\S0009E-lab Graphic\lab-graphics\engine\core\mat4.h">
      <Filter>core</Filter>
    </ClInclude>
    <ClInclude Include="C:\Users\dawibr-1\Documents\GitHub\S0009E-lab Graphic\lab-graphics\engine\core\vec2.h">
      <Filter>core</Filter>
    </ClInclude>
    <ClInclude Include="C:\Users\dawibr-1\Documents\GitHub\S0009E-lab Graphic\lab-graphics\engine\core\util.h">
      <Filter>core</Filter>
    </ClInclude>
    <ClInclude Include="C:\Users\dawibr-1\Documents\GitHub\S0009E-lab Graphic\lab-graphics\engine\config.h">
      <Filter>pch</Filter>
    </ClInclude>
  </ItemGroup>
  <ItemGroup>
    <CustomBuild Include="C:\Users\dawibr-1\Documents\GitHub\S0009E-lab Graphic\lab-graphics\engine\core\CMakeLists.txt" />
  </ItemGroup>
  <ItemGroup>
    <Filter Include="core">
      <UniqueIdentifier>{03DC7163-FFCD-3FDA-8246-2668DD3AB9A7}</UniqueIdentifier>
    </Filter>
    <Filter Include="pch">
      <UniqueIdentifier>{534178FB-1799-3C48-8074-577F34E12655}</UniqueIdentifier>
    </Filter>
  </ItemGroup>
</Project>
