
Microsoft Visual Studio Solution File, Format Version 12.00
# Visual Studio Version 17
Project("{2150E333-8FDC-42A3-9474-1A3956D46DE8}") = "CMakePredefinedTargets", "CMakePredefinedTargets", "{244905B8-B93C-37F7-91AD-3BCA34E7F23D}"
EndProject
Project("{2150E333-8FDC-42A3-9474-1A3956D46DE8}") = "engine", "engine", "{AD817D8D-5513-3423-9C6C-6CE8753EB607}"
EndProject
Project("{2150E333-8FDC-42A3-9474-1A3956D46DE8}") = "exts", "exts", "{897D3D87-4880-34B1-A741-B5C19A8F4B60}"
EndProject
Project("{2150E333-8FDC-42A3-9474-1A3956D46DE8}") = "glew", "exts\glew", "{6A4249A4-5DB4-351C-8AC7-CB164DC01DFB}"
EndProject
Project("{2150E333-8FDC-42A3-9474-1A3956D46DE8}") = "glfw", "exts\glfw", "{9EEB249B-6F69-3E8C-8385-9E860DEC5444}"
EndProject
Project("{2150E333-8FDC-42A3-9474-1A3956D46DE8}") = "imgui", "exts\imgui", "{23250B7A-0BB4-3367-835E-B7C979292E91}"
EndProject
Project("{8BC9CEB8-8B4A-11D0-8D11-00A0C91BC942}") = "ALL_BUILD", "ALL_BUILD.vcxproj", "{7D17E1FA-B62E-397F-8960-C52643225564}"
	ProjectSection(ProjectDependencies) = postProject
		{C92C6388-B7F8-343E-82D9-DDF9FDCF6B0E} = {C92C6388-B7F8-343E-82D9-DDF9FDCF6B0E}
		{BE20E448-67C2-3EE9-8B1A-5D7322F07732} = {BE20E448-67C2-3EE9-8B1A-5D7322F07732}
	EndProjectSection
EndProject
Project("{8BC9CEB8-8B4A-11D0-8D11-00A0C91BC942}") = "ZERO_CHECK", "..\..\\ZERO_CHECK.vcxproj", "{C92C6388-B7F8-343E-82D9-DDF9FDCF6B0E}"
	ProjectSection(ProjectDependencies) = postProject
	EndProjectSection
EndProject
Project("{8BC9CEB8-8B4A-11D0-8D11-00A0C91BC942}") = "core", "..\..\engine\core\core.vcxproj", "{3E5BA778-D1ED-312A-B548-C03E0B02F3B4}"
	ProjectSection(ProjectDependencies) = postProject
		{3B34ABB1-6AEB-3C1E-BB3B-60ADCECCA2BD} = {3B34ABB1-6AEB-3C1E-BB3B-60ADCECCA2BD}
	EndProjectSection
EndProject
Project("{8BC9CEB8-8B4A-11D0-8D11-00A0C91BC942}") = "glew", "..\..\exts\glew\glew.vcxproj", "{C04BEA2D-3593-3CE9-BA3A-E8E1BEFCB0C8}"
	ProjectSection(ProjectDependencies) = postProject
		{C92C6388-B7F8-343E-82D9-DDF9FDCF6B0E} = {C92C6388-B7F8-343E-82D9-DDF9FDCF6B0E}
	EndProjectSection
EndProject
Project("{8BC9CEB8-8B4A-11D0-8D11-00A0C91BC942}") = "glfw", "..\..\exts\glfw\src\glfw.vcxproj", "{4C809EDF-38FD-3F65-9EAF-DDEBA680463B}"
	ProjectSection(ProjectDependencies) = postProject
		{C92C6388-B7F8-343E-82D9-DDF9FDCF6B0E} = {C92C6388-B7F8-343E-82D9-DDF9FDCF6B0E}
	EndProjectSection
EndProject
Project("{8BC9CEB8-8B4A-11D0-8D11-00A0C91BC942}") = "graphic", "graphic.vcxproj", "{BE20E448-67C2-3EE9-8B1A-5D7322F07732}"
	ProjectSection(ProjectDependencies) = postProject
		{C92C6388-B7F8-343E-82D9-DDF9FDCF6B0E} = {C92C6388-B7F8-343E-82D9-DDF9FDCF6B0E}
		{3E5BA778-D1ED-312A-B548-C03E0B02F3B4} = {3E5BA778-D1ED-312A-B548-C03E0B02F3B4}
		{C04BEA2D-3593-3CE9-BA3A-E8E1BEFCB0C8} = {C04BEA2D-3593-3CE9-BA3A-E8E1BEFCB0C8}
		{4C809EDF-38FD-3F65-9EAF-DDEBA680463B} = {4C809EDF-38FD-3F65-9EAF-DDEBA680463B}
		{A0710FD1-C411-3F6C-AFF9-011EC4700F06} = {A0710FD1-C411-3F6C-AFF9-011EC4700F06}
	EndProjectSection
EndProject
Project("{8BC9CEB8-8B4A-11D0-8D11-00A0C91BC942}") = "imgui", "..\..\exts\imgui.vcxproj", "{A0710FD1-C411-3F6C-AFF9-011EC4700F06}"
	ProjectSection(ProjectDependencies) = postProject
		{C92C6388-B7F8-343E-82D9-DDF9FDCF6B0E} = {C92C6388-B7F8-343E-82D9-DDF9FDCF6B0E}
	EndProjectSection
EndProject
Project("{8BC9CEB8-8B4A-11D0-8D11-00A0C91BC942}") = "render", "..\..\engine\render\render.vcxproj", "{3B34ABB1-6AEB-3C1E-BB3B-60ADCECCA2BD}"
	ProjectSection(ProjectDependencies) = postProject
		{C92C6388-B7F8-343E-82D9-DDF9FDCF6B0E} = {C92C6388-B7F8-343E-82D9-DDF9FDCF6B0E}
		{C04BEA2D-3593-3CE9-BA3A-E8E1BEFCB0C8} = {C04BEA2D-3593-3CE9-BA3A-E8E1BEFCB0C8}
		{4C809EDF-38FD-3F65-9EAF-DDEBA680463B} = {4C809EDF-38FD-3F65-9EAF-DDEBA680463B}
		{A0710FD1-C411-3F6C-AFF9-011EC4700F06} = {A0710FD1-C411-3F6C-AFF9-011EC4700F06}
	EndProjectSection
EndProject
Global
	GlobalSection(SolutionConfigurationPlatforms) = preSolution
		Debug|x64 = Debug|x64
		Release|x64 = Release|x64
		MinSizeRel|x64 = MinSizeRel|x64
		RelWithDebInfo|x64 = RelWithDebInfo|x64
	EndGlobalSection
	GlobalSection(ProjectConfigurationPlatforms) = postSolution
		{7D17E1FA-B62E-397F-8960-C52643225564}.Debug|x64.ActiveCfg = Debug|x64
		{7D17E1FA-B62E-397F-8960-C52643225564}.Release|x64.ActiveCfg = Release|x64
		{7D17E1FA-B62E-397F-8960-C52643225564}.MinSizeRel|x64.ActiveCfg = MinSizeRel|x64
		{7D17E1FA-B62E-397F-8960-C52643225564}.RelWithDebInfo|x64.ActiveCfg = RelWithDebInfo|x64
		{C92C6388-B7F8-343E-82D9-DDF9FDCF6B0E}.Debug|x64.ActiveCfg = Debug|x64
		{C92C6388-B7F8-343E-82D9-DDF9FDCF6B0E}.Debug|x64.Build.0 = Debug|x64
		{C92C6388-B7F8-343E-82D9-DDF9FDCF6B0E}.Release|x64.ActiveCfg = Release|x64
		{C92C6388-B7F8-343E-82D9-DDF9FDCF6B0E}.Release|x64.Build.0 = Release|x64
		{C92C6388-B7F8-343E-82D9-DDF9FDCF6B0E}.MinSizeRel|x64.ActiveCfg = MinSizeRel|x64
		{C92C6388-B7F8-343E-82D9-DDF9FDCF6B0E}.MinSizeRel|x64.Build.0 = MinSizeRel|x64
		{C92C6388-B7F8-343E-82D9-DDF9FDCF6B0E}.RelWithDebInfo|x64.ActiveCfg = RelWithDebInfo|x64
		{C92C6388-B7F8-343E-82D9-DDF9FDCF6B0E}.RelWithDebInfo|x64.Build.0 = RelWithDebInfo|x64
		{3E5BA778-D1ED-312A-B548-C03E0B02F3B4}.Debug|x64.ActiveCfg = Debug|x64
		{3E5BA778-D1ED-312A-B548-C03E0B02F3B4}.Debug|x64.Build.0 = Debug|x64
		{3E5BA778-D1ED-312A-B548-C03E0B02F3B4}.Release|x64.ActiveCfg = Release|x64
		{3E5BA778-D1ED-312A-B548-C03E0B02F3B4}.Release|x64.Build.0 = Release|x64
		{3E5BA778-D1ED-312A-B548-C03E0B02F3B4}.MinSizeRel|x64.ActiveCfg = MinSizeRel|x64
		{3E5BA778-D1ED-312A-B548-C03E0B02F3B4}.MinSizeRel|x64.Build.0 = MinSizeRel|x64
		{3E5BA778-D1ED-312A-B548-C03E0B02F3B4}.RelWithDebInfo|x64.ActiveCfg = RelWithDebInfo|x64
		{3E5BA778-D1ED-312A-B548-C03E0B02F3B4}.RelWithDebInfo|x64.Build.0 = RelWithDebInfo|x64
		{C04BEA2D-3593-3CE9-BA3A-E8E1BEFCB0C8}.Debug|x64.ActiveCfg = Debug|x64
		{C04BEA2D-3593-3CE9-BA3A-E8E1BEFCB0C8}.Debug|x64.Build.0 = Debug|x64
		{C04BEA2D-3593-3CE9-BA3A-E8E1BEFCB0C8}.Release|x64.ActiveCfg = Release|x64
		{C04BEA2D-3593-3CE9-BA3A-E8E1BEFCB0C8}.Release|x64.Build.0 = Release|x64
		{C04BEA2D-3593-3CE9-BA3A-E8E1BEFCB0C8}.MinSizeRel|x64.ActiveCfg = MinSizeRel|x64
		{C04BEA2D-3593-3CE9-BA3A-E8E1BEFCB0C8}.MinSizeRel|x64.Build.0 = MinSizeRel|x64
		{C04BEA2D-3593-3CE9-BA3A-E8E1BEFCB0C8}.RelWithDebInfo|x64.ActiveCfg = RelWithDebInfo|x64
		{C04BEA2D-3593-3CE9-BA3A-E8E1BEFCB0C8}.RelWithDebInfo|x64.Build.0 = RelWithDebInfo|x64
		{4C809EDF-38FD-3F65-9EAF-DDEBA680463B}.Debug|x64.ActiveCfg = Debug|x64
		{4C809EDF-38FD-3F65-9EAF-DDEBA680463B}.Debug|x64.Build.0 = Debug|x64
		{4C809EDF-38FD-3F65-9EAF-DDEBA680463B}.Release|x64.ActiveCfg = Release|x64
		{4C809EDF-38FD-3F65-9EAF-DDEBA680463B}.Release|x64.Build.0 = Release|x64
		{4C809EDF-38FD-3F65-9EAF-DDEBA680463B}.MinSizeRel|x64.ActiveCfg = MinSizeRel|x64
		{4C809EDF-38FD-3F65-9EAF-DDEBA680463B}.MinSizeRel|x64.Build.0 = MinSizeRel|x64
		{4C809EDF-38FD-3F65-9EAF-DDEBA680463B}.RelWithDebInfo|x64.ActiveCfg = RelWithDebInfo|x64
		{4C809EDF-38FD-3F65-9EAF-DDEBA680463B}.RelWithDebInfo|x64.Build.0 = RelWithDebInfo|x64
		{BE20E448-67C2-3EE9-8B1A-5D7322F07732}.Debug|x64.ActiveCfg = Debug|x64
		{BE20E448-67C2-3EE9-8B1A-5D7322F07732}.Debug|x64.Build.0 = Debug|x64
		{BE20E448-67C2-3EE9-8B1A-5D7322F07732}.Release|x64.ActiveCfg = Release|x64
		{BE20E448-67C2-3EE9-8B1A-5D7322F07732}.Release|x64.Build.0 = Release|x64
		{BE20E448-67C2-3EE9-8B1A-5D7322F07732}.MinSizeRel|x64.ActiveCfg = MinSizeRel|x64
		{BE20E448-67C2-3EE9-8B1A-5D7322F07732}.MinSizeRel|x64.Build.0 = MinSizeRel|x64
		{BE20E448-67C2-3EE9-8B1A-5D7322F07732}.RelWithDebInfo|x64.ActiveCfg = RelWithDebInfo|x64
		{BE20E448-67C2-3EE9-8B1A-5D7322F07732}.RelWithDebInfo|x64.Build.0 = RelWithDebInfo|x64
		{A0710FD1-C411-3F6C-AFF9-011EC4700F06}.Debug|x64.ActiveCfg = Debug|x64
		{A0710FD1-C411-3F6C-AFF9-011EC4700F06}.Debug|x64.Build.0 = Debug|x64
		{A0710FD1-C411-3F6C-AFF9-011EC4700F06}.Release|x64.ActiveCfg = Release|x64
		{A0710FD1-C411-3F6C-AFF9-011EC4700F06}.Release|x64.Build.0 = Release|x64
		{A0710FD1-C411-3F6C-AFF9-011EC4700F06}.MinSizeRel|x64.ActiveCfg = MinSizeRel|x64
		{A0710FD1-C411-3F6C-AFF9-011EC4700F06}.MinSizeRel|x64.Build.0 = MinSizeRel|x64
		{A0710FD1-C411-3F6C-AFF9-011EC4700F06}.RelWithDebInfo|x64.ActiveCfg = RelWithDebInfo|x64
		{A0710FD1-C411-3F6C-AFF9-011EC4700F06}.RelWithDebInfo|x64.Build.0 = RelWithDebInfo|x64
		{3B34ABB1-6AEB-3C1E-BB3B-60ADCECCA2BD}.Debug|x64.ActiveCfg = Debug|x64
		{3B34ABB1-6AEB-3C1E-BB3B-60ADCECCA2BD}.Debug|x64.Build.0 = Debug|x64
		{3B34ABB1-6AEB-3C1E-BB3B-60ADCECCA2BD}.Release|x64.ActiveCfg = Release|x64
		{3B34ABB1-6AEB-3C1E-BB3B-60ADCECCA2BD}.Release|x64.Build.0 = Release|x64
		{3B34ABB1-6AEB-3C1E-BB3B-60ADCECCA2BD}.MinSizeRel|x64.ActiveCfg = MinSizeRel|x64
		{3B34ABB1-6AEB-3C1E-BB3B-60ADCECCA2BD}.MinSizeRel|x64.Build.0 = MinSizeRel|x64
		{3B34ABB1-6AEB-3C1E-BB3B-60ADCECCA2BD}.RelWithDebInfo|x64.ActiveCfg = RelWithDebInfo|x64
		{3B34ABB1-6AEB-3C1E-BB3B-60ADCECCA2BD}.RelWithDebInfo|x64.Build.0 = RelWithDebInfo|x64
	EndGlobalSection
	GlobalSection(NestedProjects) = preSolution
		{7D17E1FA-B62E-397F-8960-C52643225564} = {244905B8-B93C-37F7-91AD-3BCA34E7F23D}
		{C92C6388-B7F8-343E-82D9-DDF9FDCF6B0E} = {244905B8-B93C-37F7-91AD-3BCA34E7F23D}
		{3E5BA778-D1ED-312A-B548-C03E0B02F3B4} = {AD817D8D-5513-3423-9C6C-6CE8753EB607}
		{3B34ABB1-6AEB-3C1E-BB3B-60ADCECCA2BD} = {AD817D8D-5513-3423-9C6C-6CE8753EB607}
		{6A4249A4-5DB4-351C-8AC7-CB164DC01DFB} = {897D3D87-4880-34B1-A741-B5C19A8F4B60}
		{9EEB249B-6F69-3E8C-8385-9E860DEC5444} = {897D3D87-4880-34B1-A741-B5C19A8F4B60}
		{23250B7A-0BB4-3367-835E-B7C979292E91} = {897D3D87-4880-34B1-A741-B5C19A8F4B60}
		{C04BEA2D-3593-3CE9-BA3A-E8E1BEFCB0C8} = {6A4249A4-5DB4-351C-8AC7-CB164DC01DFB}
		{4C809EDF-38FD-3F65-9EAF-DDEBA680463B} = {9EEB249B-6F69-3E8C-8385-9E860DEC5444}
		{A0710FD1-C411-3F6C-AFF9-011EC4700F06} = {23250B7A-0BB4-3367-835E-B7C979292E91}
	EndGlobalSection
	GlobalSection(ExtensibilityGlobals) = postSolution
		SolutionGuid = {9EF1AE25-0FC2-39B2-8A71-0EDB573B0888}
	EndGlobalSection
	GlobalSection(ExtensibilityAddIns) = postSolution
	EndGlobalSection
EndGlobal
